
Microsoft Visual Studio Solution File, Format Version 12.00
# Visual Studio Version 17
VisualStudioVersion = 17.11.35222.181
MinimumVisualStudioVersion = 10.0.40219.1
Project("{FAE04EC0-301F-11D3-BF4B-00C04F79EFBC}") = "Bmi", "Bmi\Bmi.csproj", "{849D119B-56A5-4FB8-8E24-DEC935A15F11}"
EndProject
Global
	GlobalSection(SolutionConfigurationPlatforms) = preSolution
		Debug|Any CPU = Debug|Any CPU
		Release|Any CPU = Release|Any CPU
	EndGlobalSection
	GlobalSection(ProjectConfigurationPlatforms) = postSolution
		{849D119B-56A5-4FB8-8E24-DEC935A15F11}.Debug|Any CPU.ActiveCfg = Debug|Any CPU
		{849D119B-56A5-4FB8-8E24-DEC935A15F11}.Debug|Any CPU.Build.0 = Debug|Any CPU
		{849D119B-56A5-4FB8-8E24-DEC935A15F11}.Release|Any CPU.ActiveCfg = Release|Any CPU
		{849D119B-56A5-4FB8-8E24-DEC935A15F11}.Release|Any CPU.Build.0 = Release|Any CPU
	EndGlobalSection
	GlobalSection(SolutionProperties) = preSolution
		HideSolutionNode = FALSE
	EndGlobalSection
	GlobalSection(ExtensibilityGlobals) = postSolution
		SolutionGuid = {526000C7-735C-481A-8549-71CE9317CF4E}
	EndGlobalSection
EndGlobal
