
Microsoft Visual Studio Solution File, Format Version 12.00
# Visual Studio Version 17
VisualStudioVersion = 17.11.35222.181
MinimumVisualStudioVersion = 10.0.40219.1
Project("{9A19103F-16F7-4668-BE54-9A1E7A4F7556}") = "ValueTypeTester", "ValueTypeTester\ValueTypeTester.csproj", "{0E74FD58-7AA4-4489-A4E7-DDC7E82DA37F}"
EndProject
Project("{9A19103F-16F7-4668-BE54-9A1E7A4F7556}") = "ObjectType", "ObjectType\ObjectType.csproj", "{FBBE3DAF-8C48-4C00-B76C-088B9C083C74}"
EndProject
Project("{FAE04EC0-301F-11D3-BF4B-00C04F79EFBC}") = "ObjectTypeV2", "ObjectTypeV2\ObjectTypeV2.csproj", "{022D4439-4DDB-447B-B540-61DCF7A264A4}"
EndProject
Project("{FAE04EC0-301F-11D3-BF4B-00C04F79EFBC}") = "Nullable", "Nullable\Nullable.csproj", "{CB5ADDEE-5722-4ABB-9036-0DDE9340B86B}"
EndProject
Global
	GlobalSection(SolutionConfigurationPlatforms) = preSolution
		Debug|Any CPU = Debug|Any CPU
		Release|Any CPU = Release|Any CPU
	EndGlobalSection
	GlobalSection(ProjectConfigurationPlatforms) = postSolution
		{0E74FD58-7AA4-4489-A4E7-DDC7E82DA37F}.Debug|Any CPU.ActiveCfg = Debug|Any CPU
		{0E74FD58-7AA4-4489-A4E7-DDC7E82DA37F}.Debug|Any CPU.Build.0 = Debug|Any CPU
		{0E74FD58-7AA4-4489-A4E7-DDC7E82DA37F}.Release|Any CPU.ActiveCfg = Release|Any CPU
		{0E74FD58-7AA4-4489-A4E7-DDC7E82DA37F}.Release|Any CPU.Build.0 = Release|Any CPU
		{FBBE3DAF-8C48-4C00-B76C-088B9C083C74}.Debug|Any CPU.ActiveCfg = Debug|Any CPU
		{FBBE3DAF-8C48-4C00-B76C-088B9C083C74}.Debug|Any CPU.Build.0 = Debug|Any CPU
		{FBBE3DAF-8C48-4C00-B76C-088B9C083C74}.Release|Any CPU.ActiveCfg = Release|Any CPU
		{FBBE3DAF-8C48-4C00-B76C-088B9C083C74}.Release|Any CPU.Build.0 = Release|Any CPU
		{022D4439-4DDB-447B-B540-61DCF7A264A4}.Debug|Any CPU.ActiveCfg = Debug|Any CPU
		{022D4439-4DDB-447B-B540-61DCF7A264A4}.Debug|Any CPU.Build.0 = Debug|Any CPU
		{022D4439-4DDB-447B-B540-61DCF7A264A4}.Release|Any CPU.ActiveCfg = Release|Any CPU
		{022D4439-4DDB-447B-B540-61DCF7A264A4}.Release|Any CPU.Build.0 = Release|Any CPU
		{CB5ADDEE-5722-4ABB-9036-0DDE9340B86B}.Debug|Any CPU.ActiveCfg = Debug|Any CPU
		{CB5ADDEE-5722-4ABB-9036-0DDE9340B86B}.Debug|Any CPU.Build.0 = Debug|Any CPU
		{CB5ADDEE-5722-4ABB-9036-0DDE9340B86B}.Release|Any CPU.ActiveCfg = Release|Any CPU
		{CB5ADDEE-5722-4ABB-9036-0DDE9340B86B}.Release|Any CPU.Build.0 = Release|Any CPU
	EndGlobalSection
	GlobalSection(SolutionProperties) = preSolution
		HideSolutionNode = FALSE
	EndGlobalSection
	GlobalSection(ExtensibilityGlobals) = postSolution
		SolutionGuid = {02DA672D-8D5B-4E67-A7CE-4ED870E1B5C7}
	EndGlobalSection
EndGlobal
